
Microsoft Visual Studio Solution File, Format Version 12.00
# Visual Studio Version 17
VisualStudioVersion = 17.7.34221.43
MinimumVisualStudioVersion = 10.0.40219.1
Project("{FAE04EC0-301F-11D3-BF4B-00C04F79EFBC}") = "finalKursach", "finalKursach.csproj", "{532C1ABB-A507-4B42-AB22-410237984984}"
EndProject
Project("{2150E333-8FDC-42A3-9474-1A3956D46DE8}") = "Элементы решения", "Элементы решения", "{29E41C96-4C63-433E-A1CB-D3ED73CDDBC1}"
EndProject
Global
	GlobalSection(SolutionConfigurationPlatforms) = preSolution
		Debug|Any CPU = Debug|Any CPU
		Release|Any CPU = Release|Any CPU
	EndGlobalSection
	GlobalSection(ProjectConfigurationPlatforms) = postSolution
		{532C1ABB-A507-4B42-AB22-410237984984}.Debug|Any CPU.ActiveCfg = Debug|Any CPU
		{532C1ABB-A507-4B42-AB22-410237984984}.Debug|Any CPU.Build.0 = Debug|Any CPU
		{532C1ABB-A507-4B42-AB22-410237984984}.Release|Any CPU.ActiveCfg = Release|Any CPU
		{532C1ABB-A507-4B42-AB22-410237984984}.Release|Any CPU.Build.0 = Release|Any CPU
	EndGlobalSection
	GlobalSection(SolutionProperties) = preSolution
		HideSolutionNode = FALSE
	EndGlobalSection
	GlobalSection(ExtensibilityGlobals) = postSolution
		SolutionGuid = {9CEC1DB6-447E-488E-A5D0-F423AEDF203C}
	EndGlobalSection
EndGlobal
